<?xml version="1.0" encoding="utf-8"?>
<Project ToolsVersion="4.0" xmlns="http://schemas.microsoft.com/developer/msbuild/2003">
  <ItemGroup>
    <ClCompile Include="AssemblyInfo.cpp">
      <Filter>SourceFiles</Filter>
    </ClCompile>
    <ClCompile Include="ChartDirector.cpp">
      <Filter>SourceFiles</Filter>
    </ClCompile>
    <ClCompile Include="Global.cpp">
      <Filter>SourceFiles</Filter>
    </ClCompile>
    <ClCompile Include="ISEG_Control.cpp">
      <Filter>SourceFiles</Filter>
    </ClCompile>
    <ClCompile Include="Logfile.cpp">
      <Filter>SourceFiles</Filter>
    </ClCompile>
    <ClCompile Include="OperationModes.cpp">
      <Filter>SourceFiles</Filter>
    </ClCompile>
    <ClCompile Include="PICardControl.cpp">
      <Filter>SourceFiles</Filter>
    </ClCompile>
    <ClCompile Include="stdafx.cpp">
      <Filter>SourceFiles</Filter>
    </ClCompile>
    <ClCompile Include="VoltageControl.cpp">
      <Filter>SourceFiles</Filter>
    </ClCompile>
    <ClCompile Include="HPFrequencyCounter.cpp">
      <Filter>SourceFiles</Filter>
    </ClCompile>
  </ItemGroup>
  <ItemGroup>
    <ClInclude Include="Form1.h" />
    <ClInclude Include="C843_GCS_DLL.H">
      <Filter>HeaderFiles</Filter>
    </ClInclude>
    <ClInclude Include="Global.h">
      <Filter>HeaderFiles</Filter>
    </ClInclude>
    <ClInclude Include="isegOpcClientLibrary\isegOpcClientLibrary.h">
      <Filter>HeaderFiles</Filter>
    </ClInclude>
    <ClInclude Include="OperationModes.h">
      <Filter>HeaderFiles</Filter>
    </ClInclude>
    <ClInclude Include="resource.h">
      <Filter>HeaderFiles</Filter>
    </ClInclude>
    <ClInclude Include="PICardControl.h">
      <Filter>HeaderFiles</Filter>
    </ClInclude>
    <ClInclude Include="stdafx.h">
      <Filter>HeaderFiles</Filter>
    </ClInclude>
    <ClInclude Include="Logfile.h">
      <Filter>HeaderFiles</Filter>
    </ClInclude>
    <ClInclude Include="VoltageControl.h">
      <Filter>HeaderFiles</Filter>
    </ClInclude>
    <ClInclude Include="HPFrequencyCounter.h">
      <Filter>HeaderFiles</Filter>
    </ClInclude>
  </ItemGroup>
  <ItemGroup>
    <ResourceCompile Include="app.rc" />
  </ItemGroup>
  <ItemGroup>
    <EmbeddedResource Include="Form1.resX" />
  </ItemGroup>
  <ItemGroup>
    <None Include="app.ico" />
    <None Include="ReadMe.txt" />
  </ItemGroup>
  <ItemGroup>
    <Filter Include="HeaderFiles">
      <UniqueIdentifier>{4395e076-2d40-46c4-b2dc-2e15dd685bd4}</UniqueIdentifier>
    </Filter>
    <Filter Include="SourceFiles">
      <UniqueIdentifier>{b7400bc4-9acd-478e-b821-f109a8fa671e}</UniqueIdentifier>
    </Filter>
  </ItemGroup>
</Project>